
Microsoft Visual Studio Solution File, Format Version 12.00
# Visual Studio Version 17
VisualStudioVersion = 17.4.33213.308
MinimumVisualStudioVersion = 10.0.40219.1
Project("{FAE04EC0-301F-11D3-BF4B-00C04F79EFBC}") = "EigenMethods", "EigenMethods\EigenMethods.csproj", "{B99FBE32-BBCC-4821-946E-9095AFA65E28}"
EndProject
Global
	GlobalSection(SolutionConfigurationPlatforms) = preSolution
		Debug|Any CPU = Debug|Any CPU
		Release|Any CPU = Release|Any CPU
	EndGlobalSection
	GlobalSection(ProjectConfigurationPlatforms) = postSolution
		{B99FBE32-BBCC-4821-946E-9095AFA65E28}.Debug|Any CPU.ActiveCfg = Debug|Any CPU
		{B99FBE32-BBCC-4821-946E-9095AFA65E28}.Debug|Any CPU.Build.0 = Debug|Any CPU
		{B99FBE32-BBCC-4821-946E-9095AFA65E28}.Release|Any CPU.ActiveCfg = Release|Any CPU
		{B99FBE32-BBCC-4821-946E-9095AFA65E28}.Release|Any CPU.Build.0 = Release|Any CPU
	EndGlobalSection
	GlobalSection(SolutionProperties) = preSolution
		HideSolutionNode = FALSE
	EndGlobalSection
	GlobalSection(ExtensibilityGlobals) = postSolution
		SolutionGuid = {1C7D8B43-40ED-4D74-BDE8-8FA3B61EDA37}
	EndGlobalSection
EndGlobal
